
Microsoft Visual Studio Solution File, Format Version 12.00
# Visual Studio Version 16
VisualStudioVersion = 16.0.29215.179
MinimumVisualStudioVersion = 10.0.40219.1
Project("{FAE04EC0-301F-11D3-BF4B-00C04F79EFBC}") = "SquarespaceAuto", "SquarespaceAuto\SquarespaceAuto.csproj", "{A4A65170-208B-41F6-A2D1-CA436233C22C}"
EndProject
Project("{FAE04EC0-301F-11D3-BF4B-00C04F79EFBC}") = "AquarespaceAuto.Test", "AquarespaceAuto.Test\AquarespaceAuto.Test.csproj", "{7B2B7741-96C9-4849-8C54-3414FFB6DEF6}"
EndProject
Global
	GlobalSection(SolutionConfigurationPlatforms) = preSolution
		Debug|Any CPU = Debug|Any CPU
		Release|Any CPU = Release|Any CPU
	EndGlobalSection
	GlobalSection(ProjectConfigurationPlatforms) = postSolution
		{A4A65170-208B-41F6-A2D1-CA436233C22C}.Debug|Any CPU.ActiveCfg = Debug|Any CPU
		{A4A65170-208B-41F6-A2D1-CA436233C22C}.Debug|Any CPU.Build.0 = Debug|Any CPU
		{A4A65170-208B-41F6-A2D1-CA436233C22C}.Release|Any CPU.ActiveCfg = Release|Any CPU
		{A4A65170-208B-41F6-A2D1-CA436233C22C}.Release|Any CPU.Build.0 = Release|Any CPU
		{7B2B7741-96C9-4849-8C54-3414FFB6DEF6}.Debug|Any CPU.ActiveCfg = Debug|Any CPU
		{7B2B7741-96C9-4849-8C54-3414FFB6DEF6}.Debug|Any CPU.Build.0 = Debug|Any CPU
		{7B2B7741-96C9-4849-8C54-3414FFB6DEF6}.Release|Any CPU.ActiveCfg = Release|Any CPU
		{7B2B7741-96C9-4849-8C54-3414FFB6DEF6}.Release|Any CPU.Build.0 = Release|Any CPU
	EndGlobalSection
	GlobalSection(SolutionProperties) = preSolution
		HideSolutionNode = FALSE
	EndGlobalSection
	GlobalSection(ExtensibilityGlobals) = postSolution
		SolutionGuid = {79D6CC20-CE72-4FA5-8BE9-059AB7986026}
	EndGlobalSection
EndGlobal
